{
  "version": 1,
  "dependencies": {
    "UAP,Version=v10.0.16299": {
      "Microsoft.NETCore.UniversalWindowsPlatform": {
        "type": "Direct",
        "requested": "[6.2.13, )",
        "resolved": "6.2.13",
        "contentHash": "YtvnIYTot2rclwvqNxDCIveKbMXzIFgihDK80YS6MF0gC2iYFzr9PBBWegP3nc80NmQuR5xcMhlHX86O/v7oZw==",
        "dependencies": {
          "Microsoft.NETCore.Platforms": "2.1.0",
          "Microsoft.Net.Native.Compiler": "2.2.11-rel-30601-02",
          "Microsoft.Net.UWPCoreRuntimeSdk": "2.2.13",
          "NETStandard.Library": "2.0.3"
        }
      },
      "Microsoft.UI.Xaml": {
        "type": "Direct",
        "requested": "[2.7.0, )",
        "resolved": "2.7.0",
        "contentHash": "dB4im13tfmMgL/V3Ei+3kD2rUF+/lTxAmR4gjJ45l577eljHfdo/KUrxpq/3I1Vp6e5GCDG1evDaEGuDxypLMg=="
      },
      "Newtonsoft.Json": {
        "type": "Direct",
        "requested": "[13.0.1, )",
        "resolved": "13.0.1",
        "contentHash": "ppPFpBcvxdsfUonNcvITKqLl3bqxWbDCZIzDWHzjpdAHRFfZe0Dw9HmA0+za13IdyrgJwpkDTDA9fHaxOrt20A=="
      },
      "boost": {
        "type": "Transitive",
        "resolved": "1.76.0",
        "contentHash": "p+w3YvNdXL8Cu9Fzrmexssu0tZbWxuf6ywsQqHjDlKFE5ojXHof1HIyMC3zDLfLnh80dIeFcEUAuR2Asg/XHRA=="
      },
      "Microsoft.Net.Native.Compiler": {
        "type": "Transitive",
        "resolved": "2.2.11-rel-30601-02",
        "contentHash": "8Gh7R/CN5FC2eHJkZq0yEcuXiap97TyT58Lvo1f806QD44u9J9LFagljj+Sznl0wg4Nx+lZq/qvuYrArYiFGXg==",
        "dependencies": {
          "runtime.win10-arm.Microsoft.Net.Native.Compiler": "2.2.11-rel-30601-02",
          "runtime.win10-arm64.Microsoft.Net.Native.Compiler": "2.2.11-rel-30601-02",
          "runtime.win10-x64.Microsoft.Net.Native.Compiler": "2.2.11-rel-30601-02",
          "runtime.win10-x86.Microsoft.Net.Native.Compiler": "2.2.11-rel-30601-02"
        }
      },
      "Microsoft.Net.UWPCoreRuntimeSdk": {
        "type": "Transitive",
        "resolved": "2.2.13",
        "contentHash": "hSf15sjlRmQlkX1ty1i3WB2YkPgo8S+WbYcImRQIS4c69+AtGQ9W40NaZHM8IZJnil9Wr1RsmkzIhjT4LrrjwQ==",
        "dependencies": {
          "runtime.win10-arm.Microsoft.Net.UWPCoreRuntimeSdk": "2.2.13",
          "runtime.win10-x64.Microsoft.Net.UWPCoreRuntimeSdk": "2.2.13",
          "runtime.win10-x86.Microsoft.Net.UWPCoreRuntimeSdk": "2.2.13"
        }
      },
      "Microsoft.NETCore.Platforms": {
        "type": "Transitive",
        "resolved": "2.1.0",
        "contentHash": "ok+RPAtESz/9MUXeIEz6Lv5XAGQsaNmEYXMsgVALj4D7kqC8gveKWXWXbufLySR2fWrwZf8smyN5RmHu0e4BHA=="
      },
      "Microsoft.Windows.CppWinRT": {
        "type": "Transitive",
        "resolved": "2.0.211028.7",
        "contentHash": "JBGI0c3WLoU6aYJRy9Qo0MLDQfObEp+d4nrhR95iyzf7+HOgjRunHDp/6eGFREd7xq3OI1mll9ecJrMfzBvlyg=="
      },
      "NETStandard.Library": {
        "type": "Transitive",
        "resolved": "2.0.3",
        "contentHash": "st47PosZSHrjECdjeIzZQbzivYBJFv6P2nv4cj2ypdI204DO+vZ7l5raGMiX4eXMJ53RfOIg+/s4DHVZ54Nu2A==",
        "dependencies": {
          "Microsoft.NETCore.Platforms": "1.1.0"
        }
      },
      "ReactNative.Hermes.Windows": {
        "type": "Transitive",
        "resolved": "0.11.0-ms.2",
        "contentHash": "7KGeDHh4QR4ua5+aSNAfuhj1sF2PBJbTHJ9m520xo1GZZRW4cxJlyNDNjW5t/sFGeHWw/Uhs7ZrWE2maL9BOEw=="
      },
      "runtime.win10-arm.Microsoft.Net.Native.Compiler": {
        "type": "Transitive",
        "resolved": "2.2.11-rel-30601-02",
        "contentHash": "sbfRiIa+wkFW2IKwg30qpp3j+W4/JZii4K0ko3/0Ybqc/IEnYO0TrHwiU8HKDSu30IKYUZOjlAi7L6vQiYGpHg==",
        "dependencies": {
          "runtime.win10-arm.Microsoft.Net.Native.SharedLibrary": "2.2.8-rel-30601-02"
        }
      },
      "runtime.win10-arm.Microsoft.Net.Native.SharedLibrary": {
        "type": "Transitive",
        "resolved": "2.2.8-rel-30601-02",
        "contentHash": "gEMZbttShuWWHITe2tJynj9VUm8Wn9ZsPO3wXjbSDKXmgNENitHMaVj0vtvM/hpRqoFrp0JJzKTNHZ/Q1jrYNg=="
      },
      "runtime.win10-arm.Microsoft.Net.UWPCoreRuntimeSdk": {
        "type": "Transitive",
        "resolved": "2.2.13",
        "contentHash": "sOl/r5ySp7Mv+EWb0ZX2N/j/A7Y1AMkNZ0oRzjvTmIShMqUODR6QnBzGG/bmsSZQ3llQgwDa0MiAHVjXHKOHUA=="
      },
      "runtime.win10-arm64.Microsoft.Net.Native.Compiler": {
        "type": "Transitive",
        "resolved": "2.2.11-rel-30601-02",
        "contentHash": "Ujs/ites15TOfNS3cdkVf9y5sxZEDdDRhgig6H4sa2Ba3vESQstm96xPisy6siz0s3z0F1Sxb8IQHe5LXECyQw==",
        "dependencies": {
          "runtime.win10-arm64.Microsoft.Net.Native.SharedLibrary": "2.2.8-rel-30601-02"
        }
      },
      "runtime.win10-arm64.Microsoft.Net.Native.SharedLibrary": {
        "type": "Transitive",
        "resolved": "2.2.8-rel-30601-02",
        "contentHash": "vq3cCwA1+C0g0nq3xJaLQmdWKw2wybnDTB9kn2YM4gX7ftGegfGNOOlVfw1acG2Rwb2ii8LLPDlTDMxeZwcTsA=="
      },
      "runtime.win10-x64.Microsoft.Net.Native.Compiler": {
        "type": "Transitive",
        "resolved": "2.2.11-rel-30601-02",
        "contentHash": "0SDO08wd/Q/Vnhv2m0Cix7RI2oLrmroHb2+30iqXk1xwyCIeLlMW3Dc2X3+c0d2IG82y+4Yr/6BindgPUcMMWQ==",
        "dependencies": {
          "runtime.win10-x64.Microsoft.Net.Native.SharedLibrary": "2.2.8-rel-30601-02"
        }
      },
      "runtime.win10-x64.Microsoft.Net.Native.SharedLibrary": {
        "type": "Transitive",
        "resolved": "2.2.8-rel-30601-02",
        "contentHash": "6grSKbRCt3JJSfHY5jQA6uB02YukM+f3xdC0024S30gZLJMhsIA5BtEXlInh/5kR/WwdQrDWwEIh2TznqOmp+A=="
      },
      "runtime.win10-x64.Microsoft.Net.UWPCoreRuntimeSdk": {
        "type": "Transitive",
        "resolved": "2.2.13",
        "contentHash": "yLxeLxdwz6oZ91OtKCyNiHpk+vE7Gj7kSWFtz1Iw7dL5GCMsAF+Cbksy8IlAi3rkti2GzFb3y0lNLl/qW136sg=="
      },
      "runtime.win10-x86.Microsoft.Net.Native.Compiler": {
        "type": "Transitive",
        "resolved": "2.2.11-rel-30601-02",
        "contentHash": "BkipJxx/xO+UNkBjHMl4VKnL8QPVusMAtguJzS0Cxix7HLZ06/45gNDedDaLmTMd8Rnesv674HUZDdeuDhMZ8Q==",
        "dependencies": {
          "runtime.win10-x86.Microsoft.Net.Native.SharedLibrary": "2.2.8-rel-30601-02"
        }
      },
      "runtime.win10-x86.Microsoft.Net.Native.SharedLibrary": {
        "type": "Transitive",
        "resolved": "2.2.8-rel-30601-02",
        "contentHash": "AHm49HQodrFrp4iN3ckjmP1Q5TJLU/Lq3zO66Gbp4EW+XuMxyPrEsqW0DRE7Hrd0I9uvBAGJM2S5hDEvgsEP2w=="
      },
      "runtime.win10-x86.Microsoft.Net.UWPCoreRuntimeSdk": {
        "type": "Transitive",
        "resolved": "2.2.13",
        "contentHash": "p2f9jwmy5NrUkTj/hESaXV/53aU57KSjkAFFqQarNJWuYKe2pGUfxQ7uasOOirKblHWaiyma+WWqN8CsGAZckQ=="
      },
      "common": {
        "type": "Project"
      },
      "fmt": {
        "type": "Project"
      },
      "folly": {
        "type": "Project",
        "dependencies": {
          "boost": "1.76.0",
          "fmt": "1.0.0"
        }
      },
      "microsoft.reactnative": {
        "type": "Project",
        "dependencies": {
          "Common": "1.0.0",
          "Folly": "1.0.0",
          "Microsoft.UI.Xaml": "2.7.0",
          "Microsoft.Windows.CppWinRT": "2.0.211028.7",
          "ReactCommon": "1.0.0",
          "ReactNative.Hermes.Windows": "0.11.0-ms.2",
          "boost": "1.76.0"
        }
      },
      "microsoft.reactnative.managed": {
        "type": "Project",
        "dependencies": {
          "Microsoft.NETCore.UniversalWindowsPlatform": "6.2.9",
          "Microsoft.ReactNative": "1.0.0"
        }
      },
      "reactcommon": {
        "type": "Project",
        "dependencies": {
          "Folly": "1.0.0",
          "boost": "1.76.0"
        }
      }
    },
    "UAP,Version=v10.0.16299/win10-arm": {
      "Microsoft.NETCore.UniversalWindowsPlatform": {
        "type": "Direct",
        "requested": "[6.2.13, )",
        "resolved": "6.2.13",
        "contentHash": "YtvnIYTot2rclwvqNxDCIveKbMXzIFgihDK80YS6MF0gC2iYFzr9PBBWegP3nc80NmQuR5xcMhlHX86O/v7oZw==",
        "dependencies": {
          "Microsoft.NETCore.Platforms": "2.1.0",
          "Microsoft.Net.Native.Compiler": "2.2.11-rel-30601-02",
          "Microsoft.Net.UWPCoreRuntimeSdk": "2.2.13",
          "NETStandard.Library": "2.0.3",
          "runtime.win10-arm.Microsoft.NETCore.UniversalWindowsPlatform": "6.2.13"
        }
      },
      "runtime.win10-arm.Microsoft.NETCore.UniversalWindowsPlatform": {
        "type": "Transitive",
        "resolved": "6.2.13",
        "contentHash": "M2Kq+myCJ7M875yfB6bQQJTW20Xrzi4aSb30AI6gZnIaMgXQlvB1l+XLXT7+mtSoM94YZGf8ep/vCjLYFrJHSQ=="
      }
    },
    "UAP,Version=v10.0.16299/win10-arm-aot": {
      "Microsoft.NETCore.UniversalWindowsPlatform": {
        "type": "Direct",
        "requested": "[6.2.13, )",
        "resolved": "6.2.13",
        "contentHash": "YtvnIYTot2rclwvqNxDCIveKbMXzIFgihDK80YS6MF0gC2iYFzr9PBBWegP3nc80NmQuR5xcMhlHX86O/v7oZw==",
        "dependencies": {
          "Microsoft.NETCore.Platforms": "2.1.0",
          "Microsoft.Net.Native.Compiler": "2.2.11-rel-30601-02",
          "Microsoft.Net.UWPCoreRuntimeSdk": "2.2.13",
          "NETStandard.Library": "2.0.3",
          "runtime.win10-arm-aot.Microsoft.NETCore.UniversalWindowsPlatform": "6.2.13"
        }
      },
      "runtime.win10-arm-aot.Microsoft.NETCore.UniversalWindowsPlatform": {
        "type": "Transitive",
        "resolved": "6.2.13",
        "contentHash": "o/B9AQILvEt1f36QZmOXj/0uL5JasDIKx0URbRkKVhOTDLedw24ziVMk/vKpNBa8+4A+ocwU03SOVopa+tz38A=="
      }
    },
    "UAP,Version=v10.0.16299/win10-arm64-aot": {
      "Microsoft.NETCore.UniversalWindowsPlatform": {
        "type": "Direct",
        "requested": "[6.2.13, )",
        "resolved": "6.2.13",
        "contentHash": "YtvnIYTot2rclwvqNxDCIveKbMXzIFgihDK80YS6MF0gC2iYFzr9PBBWegP3nc80NmQuR5xcMhlHX86O/v7oZw==",
        "dependencies": {
          "Microsoft.NETCore.Platforms": "2.1.0",
          "Microsoft.Net.Native.Compiler": "2.2.11-rel-30601-02",
          "Microsoft.Net.UWPCoreRuntimeSdk": "2.2.13",
          "NETStandard.Library": "2.0.3",
          "runtime.win10-arm64-aot.Microsoft.NETCore.UniversalWindowsPlatform": "6.2.13"
        }
      },
      "runtime.win10-arm64-aot.Microsoft.NETCore.UniversalWindowsPlatform": {
        "type": "Transitive",
        "resolved": "6.2.13",
        "contentHash": "EyY4BoYvhWUQPSiL/6rqyg8WOZGHqVxxkU1cPY7Y7tYK0FWz8/6i8aGdOlNlwTzsykUD12PxiPIXdNoTmJ7fpw=="
      }
    },
    "UAP,Version=v10.0.16299/win10-x64": {
      "Microsoft.NETCore.UniversalWindowsPlatform": {
        "type": "Direct",
        "requested": "[6.2.13, )",
        "resolved": "6.2.13",
        "contentHash": "YtvnIYTot2rclwvqNxDCIveKbMXzIFgihDK80YS6MF0gC2iYFzr9PBBWegP3nc80NmQuR5xcMhlHX86O/v7oZw==",
        "dependencies": {
          "Microsoft.NETCore.Platforms": "2.1.0",
          "Microsoft.Net.Native.Compiler": "2.2.11-rel-30601-02",
          "Microsoft.Net.UWPCoreRuntimeSdk": "2.2.13",
          "NETStandard.Library": "2.0.3",
          "runtime.win10-x64.Microsoft.NETCore.UniversalWindowsPlatform": "6.2.13"
        }
      },
      "runtime.win10-x64.Microsoft.NETCore.UniversalWindowsPlatform": {
        "type": "Transitive",
        "resolved": "6.2.13",
        "contentHash": "80qHDQHz1E4TjPLaqb3W3qj3oCHH0u+l281F1DkaBcNhDuZ/yVmWKvAAXx4CXUx4ppAYWCUKffqEtezx2hFsaA=="
      }
    },
    "UAP,Version=v10.0.16299/win10-x64-aot": {
      "Microsoft.NETCore.UniversalWindowsPlatform": {
        "type": "Direct",
        "requested": "[6.2.13, )",
        "resolved": "6.2.13",
        "contentHash": "YtvnIYTot2rclwvqNxDCIveKbMXzIFgihDK80YS6MF0gC2iYFzr9PBBWegP3nc80NmQuR5xcMhlHX86O/v7oZw==",
        "dependencies": {
          "Microsoft.NETCore.Platforms": "2.1.0",
          "Microsoft.Net.Native.Compiler": "2.2.11-rel-30601-02",
          "Microsoft.Net.UWPCoreRuntimeSdk": "2.2.13",
          "NETStandard.Library": "2.0.3",
          "runtime.win10-x64-aot.Microsoft.NETCore.UniversalWindowsPlatform": "6.2.13"
        }
      },
      "runtime.win10-x64-aot.Microsoft.NETCore.UniversalWindowsPlatform": {
        "type": "Transitive",
        "resolved": "6.2.13",
        "contentHash": "MM8xMWw430r8I1QlbdricLM7TwjCcLQ9zr4KHyAYJcf/JFdFHVd109qkgjKOqBNo/PY8lsMxOqfd+oxZiyU2+Q=="
      }
    },
    "UAP,Version=v10.0.16299/win10-x86": {
      "Microsoft.NETCore.UniversalWindowsPlatform": {
        "type": "Direct",
        "requested": "[6.2.13, )",
        "resolved": "6.2.13",
        "contentHash": "YtvnIYTot2rclwvqNxDCIveKbMXzIFgihDK80YS6MF0gC2iYFzr9PBBWegP3nc80NmQuR5xcMhlHX86O/v7oZw==",
        "dependencies": {
          "Microsoft.NETCore.Platforms": "2.1.0",
          "Microsoft.Net.Native.Compiler": "2.2.11-rel-30601-02",
          "Microsoft.Net.UWPCoreRuntimeSdk": "2.2.13",
          "NETStandard.Library": "2.0.3",
          "runtime.win10-x86.Microsoft.NETCore.UniversalWindowsPlatform": "6.2.13"
        }
      },
      "runtime.win10-x86.Microsoft.NETCore.UniversalWindowsPlatform": {
        "type": "Transitive",
        "resolved": "6.2.13",
        "contentHash": "AL56FPqP4VUVsKmcFEQcD3yQcpU5N+16zAtE5FTpwil+9dxhfnddXXfJIXxpcp5QkuGkYFBQ/w3tToyICpmGRQ=="
      }
    },
    "UAP,Version=v10.0.16299/win10-x86-aot": {
      "Microsoft.NETCore.UniversalWindowsPlatform": {
        "type": "Direct",
        "requested": "[6.2.13, )",
        "resolved": "6.2.13",
        "contentHash": "YtvnIYTot2rclwvqNxDCIveKbMXzIFgihDK80YS6MF0gC2iYFzr9PBBWegP3nc80NmQuR5xcMhlHX86O/v7oZw==",
        "dependencies": {
          "Microsoft.NETCore.Platforms": "2.1.0",
          "Microsoft.Net.Native.Compiler": "2.2.11-rel-30601-02",
          "Microsoft.Net.UWPCoreRuntimeSdk": "2.2.13",
          "NETStandard.Library": "2.0.3",
          "runtime.win10-x86-aot.Microsoft.NETCore.UniversalWindowsPlatform": "6.2.13"
        }
      },
      "runtime.win10-x86-aot.Microsoft.NETCore.UniversalWindowsPlatform": {
        "type": "Transitive",
        "resolved": "6.2.13",
        "contentHash": "0yL+aet7PUzpCeA/gyyjASi7tAVKD047hyhLzvrgKEvqJBxfEQ9fLJc5cEkwqNBAaR83BAhcieQncOcQ/cTHgg=="
      }
    }
  }
}